
Microsoft Visual Studio Solution File, Format Version 12.00
# Visual Studio Version 17
VisualStudioVersion = 17.10.35027.167
MinimumVisualStudioVersion = 10.0.40219.1
Project("{FAE04EC0-301F-11D3-BF4B-00C04F79EFBC}") = "Assignment # 4", "Assignment # 4.csproj", "{C6E1DD94-26D8-4779-8559-10ED15F241D9}"
EndProject
Global
	GlobalSection(SolutionConfigurationPlatforms) = preSolution
		Debug|Any CPU = Debug|Any CPU
		Release|Any CPU = Release|Any CPU
	EndGlobalSection
	GlobalSection(ProjectConfigurationPlatforms) = postSolution
		{C6E1DD94-26D8-4779-8559-10ED15F241D9}.Debug|Any CPU.ActiveCfg = Debug|Any CPU
		{C6E1DD94-26D8-4779-8559-10ED15F241D9}.Debug|Any CPU.Build.0 = Debug|Any CPU
		{C6E1DD94-26D8-4779-8559-10ED15F241D9}.Release|Any CPU.ActiveCfg = Release|Any CPU
		{C6E1DD94-26D8-4779-8559-10ED15F241D9}.Release|Any CPU.Build.0 = Release|Any CPU
	EndGlobalSection
	GlobalSection(SolutionProperties) = preSolution
		HideSolutionNode = FALSE
	EndGlobalSection
	GlobalSection(ExtensibilityGlobals) = postSolution
		SolutionGuid = {6BE46556-2E48-4AE3-97EA-B2483B6BE176}
	EndGlobalSection
EndGlobal
